// !$*UTF8*$!
{
	archiveVersion = 1;
	classes = {
	};
	objectVersion = 77;
	objects = {

/* Begin PBXContainerItemProxy section */
		AFA2C42D2D56D2B0006A1B65 /* PBXContainerItemProxy */ = {
			isa = PBXContainerItemProxy;
			containerPortal = AFA2C4132D56D2AF006A1B65 /* Project object */;
			proxyType = 1;
			remoteGlobalIDString = AFA2C41A2D56D2AF006A1B65;
			remoteInfo = iStatus;
		};
		AFA2C4372D56D2B0006A1B65 /* PBXContainerItemProxy */ = {
			isa = PBXContainerItemProxy;
			containerPortal = AFA2C4132D56D2AF006A1B65 /* Project object */;
			proxyType = 1;
			remoteGlobalIDString = AFA2C41A2D56D2AF006A1B65;
			remoteInfo = iStatus;
		};
/* End PBXContainerItemProxy section */

/* Begin PBXFileReference section */
		AFA2C41B2D56D2AF006A1B65 /* iStatus.app */ = {isa = PBXFileReference; explicitFileType = wrapper.application; includeInIndex = 0; path = iStatus.app; sourceTree = BUILT_PRODUCTS_DIR; };
		AFA2C42C2D56D2B0006A1B65 /* iStatusTests.xctest */ = {isa = PBXFileReference; explicitFileType = wrapper.cfbundle; includeInIndex = 0; path = iStatusTests.xctest; sourceTree = BUILT_PRODUCTS_DIR; };
		AFA2C4362D56D2B0006A1B65 /* iStatusUITests.xctest */ = {isa = PBXFileReference; explicitFileType = wrapper.cfbundle; includeInIndex = 0; path = iStatusUITests.xctest; sourceTree = BUILT_PRODUCTS_DIR; };
/* End PBXFileReference section */

/* Begin PBXFileSystemSynchronizedRootGroup section */
		AFA2C41D2D56D2AF006A1B65 /* iStatus */ = {
			isa = PBXFileSystemSynchronizedRootGroup;
			path = iStatus;
			sourceTree = "<group>";
		};
/* End PBXFileSystemSynchronizedRootGroup section */

/* Begin PBXFrameworksBuildPhase section */
		AFA2C4182D56D2AF006A1B65 /* Frameworks */ = {
			isa = PBXFrameworksBuildPhase;
			buildActionMask = 2147483647;
			files = (
			);
			runOnlyForDeploymentPostprocessing = 0;
		};
		AFA2C4292D56D2B0006A1B65 /* Frameworks */ = {
			isa = PBXFrameworksBuildPhase;
			buildActionMask = 2147483647;
			files = (
			);
			runOnlyForDeploymentPostprocessing = 0;
		};
		AFA2C4332D56D2B0006A1B65 /* Frameworks */ = {
			isa = PBXFrameworksBuildPhase;
			buildActionMask = 2147483647;
			files = (
			);
			runOnlyForDeploymentPostprocessing = 0;
		};
/* End PBXFrameworksBuildPhase section */

/* Begin PBXGroup section */
		AFA2C4122D56D2AF006A1B65 = {
			isa = PBXGroup;
			children = (
				AFA2C41D2D56D2AF006A1B65 /* iStatus */,
				AFA2C41C2D56D2AF006A1B65 /* Products */,
			);
			sourceTree = "<group>";
		};
		AFA2C41C2D56D2AF006A1B65 /* Products */ = {
			isa = PBXGroup;
			children = (
				AFA2C41B2D56D2AF006A1B65 /* iStatus.app */,
				AFA2C42C2D56D2B0006A1B65 /* iStatusTests.xctest */,
				AFA2C4362D56D2B0006A1B65 /* iStatusUITests.xctest */,
			);
			name = Products;
			sourceTree = "<group>";
		};
/* End PBXGroup section */

/* Begin PBXNativeTarget section */
		AFA2C41A2D56D2AF006A1B65 /* iStatus */ = {
			isa = PBXNativeTarget;
			buildConfigurationList = AFA2C4402D56D2B0006A1B65 /* Build configuration list for PBXNativeTarget "iStatus" */;
			buildPhases = (
				AFA2C4172D56D2AF006A1B65 /* Sources */,
				AFA2C4182D56D2AF006A1B65 /* Frameworks */,
				AFA2C4192D56D2AF006A1B65 /* Resources */,
			);
			buildRules = (
			);
			dependencies = (
			);
			fileSystemSynchronizedGroups = (
				AFA2C41D2D56D2AF006A1B65 /* iStatus */,
			);
			name = iStatus;
			packageProductDependencies = (
			);
			productName = iStatus;
			productReference = AFA2C41B2D56D2AF006A1B65 /* iStatus.app */;
			productType = "com.apple.product-type.application";
		};
		AFA2C42B2D56D2B0006A1B65 /* iStatusTests */ = {
			isa = PBXNativeTarget;
			buildConfigurationList = AFA2C4432D56D2B0006A1B65 /* Build configuration list for PBXNativeTarget "iStatusTests" */;
			buildPhases = (
				AFA2C4282D56D2B0006A1B65 /* Sources */,
				AFA2C4292D56D2B0006A1B65 /* Frameworks */,
				AFA2C42A2D56D2B0006A1B65 /* Resources */,
			);
			buildRules = (
			);
			dependencies = (
				AFA2C42E2D56D2B0006A1B65 /* PBXTargetDependency */,
			);
			name = iStatusTests;
			packageProductDependencies = (
			);
			productName = iStatusTests;
			productReference = AFA2C42C2D56D2B0006A1B65 /* iStatusTests.xctest */;
			productType = "com.apple.product-type.bundle.unit-test";
		};
		AFA2C4352D56D2B0006A1B65 /* iStatusUITests */ = {
			isa = PBXNativeTarget;
			buildConfigurationList = AFA2C4462D56D2B0006A1B65 /* Build configuration list for PBXNativeTarget "iStatusUITests" */;
			buildPhases = (
				AFA2C4322D56D2B0006A1B65 /* Sources */,
				AFA2C4332D56D2B0006A1B65 /* Frameworks */,
				AFA2C4342D56D2B0006A1B65 /* Resources */,
			);
			buildRules = (
			);
			dependencies = (
				AFA2C4382D56D2B0006A1B65 /* PBXTargetDependency */,
			);
			name = iStatusUITests;
			packageProductDependencies = (
			);
			productName = iStatusUITests;
			productReference = AFA2C4362D56D2B0006A1B65 /* iStatusUITests.xctest */;
			productType = "com.apple.product-type.bundle.ui-testing";
		};
/* End PBXNativeTarget section */

/* Begin PBXProject section */
		AFA2C4132D56D2AF006A1B65 /* Project object */ = {
			isa = PBXProject;
			attributes = {
				BuildIndependentTargetsInParallel = 1;
				LastSwiftUpdateCheck = 1620;
				LastUpgradeCheck = 1620;
				TargetAttributes = {
					AFA2C41A2D56D2AF006A1B65 = {
						CreatedOnToolsVersion = 16.2;
					};
					AFA2C42B2D56D2B0006A1B65 = {
						CreatedOnToolsVersion = 16.2;
						TestTargetID = AFA2C41A2D56D2AF006A1B65;
					};
					AFA2C4352D56D2B0006A1B65 = {
						CreatedOnToolsVersion = 16.2;
						TestTargetID = AFA2C41A2D56D2AF006A1B65;
					};
				};
			};
			buildConfigurationList = AFA2C4162D56D2AF006A1B65 /* Build configuration list for PBXProject "iStatus" */;
			developmentRegion = en;
			hasScannedForEncodings = 0;
			knownRegions = (
				en,
				Base,
			);
			mainGroup = AFA2C4122D56D2AF006A1B65;
			minimizedProjectReferenceProxies = 1;
			preferredProjectObjectVersion = 77;
			productRefGroup = AFA2C41C2D56D2AF006A1B65 /* Products */;
			projectDirPath = "";
			projectRoot = "";
			targets = (
				AFA2C41A2D56D2AF006A1B65 /* iStatus */,
				AFA2C42B2D56D2B0006A1B65 /* iStatusTests */,
				AFA2C4352D56D2B0006A1B65 /* iStatusUITests */,
			);
		};
/* End PBXProject section */

/* Begin PBXResourcesBuildPhase section */
		AFA2C4192D56D2AF006A1B65 /* Resources */ = {
			isa = PBXResourcesBuildPhase;
			buildActionMask = 2147483647;
			files = (
			);
			runOnlyForDeploymentPostprocessing = 0;
		};
		AFA2C42A2D56D2B0006A1B65 /* Resources */ = {
			isa = PBXResourcesBuildPhase;
			buildActionMask = 2147483647;
			files = (
			);
			runOnlyForDeploymentPostprocessing = 0;
		};
		AFA2C4342D56D2B0006A1B65 /* Resources */ = {
			isa = PBXResourcesBuildPhase;
			buildActionMask = 2147483647;
			files = (
			);
			runOnlyForDeploymentPostprocessing = 0;
		};
/* End PBXResourcesBuildPhase section */

/* Begin PBXSourcesBuildPhase section */
		AFA2C4172D56D2AF006A1B65 /* Sources */ = {
			isa = PBXSourcesBuildPhase;
			buildActionMask = 2147483647;
			files = (
			);
			runOnlyForDeploymentPostprocessing = 0;
		};
		AFA2C4282D56D2B0006A1B65 /* Sources */ = {
			isa = PBXSourcesBuildPhase;
			buildActionMask = 2147483647;
			files = (
			);
			runOnlyForDeploymentPostprocessing = 0;
		};
		AFA2C4322D56D2B0006A1B65 /* Sources */ = {
			isa = PBXSourcesBuildPhase;
			buildActionMask = 2147483647;
			files = (
			);
			runOnlyForDeploymentPostprocessing = 0;
		};
/* End PBXSourcesBuildPhase section */

/* Begin PBXTargetDependency section */
		AFA2C42E2D56D2B0006A1B65 /* PBXTargetDependency */ = {
			isa = PBXTargetDependency;
			target = AFA2C41A2D56D2AF006A1B65 /* iStatus */;
			targetProxy = AFA2C42D2D56D2B0006A1B65 /* PBXContainerItemProxy */;
		};
		AFA2C4382D56D2B0006A1B65 /* PBXTargetDependency */ = {
			isa = PBXTargetDependency;
			target = AFA2C41A2D56D2AF006A1B65 /* iStatus */;
			targetProxy = AFA2C4372D56D2B0006A1B65 /* PBXContainerItemProxy */;
		};
/* End PBXTargetDependency section */

/* Begin XCBuildConfiguration section */
		AFA2C43E2D56D2B0006A1B65 /* Debug */ = {
			isa = XCBuildConfiguration;
			buildSettings = {
				ALWAYS_SEARCH_USER_PATHS = NO;
				ASSETCATALOG_COMPILER_GENERATE_SWIFT_ASSET_SYMBOL_EXTENSIONS = YES;
				CLANG_ANALYZER_NONNULL = YES;
				CLANG_ANALYZER_NUMBER_OBJECT_CONVERSION = YES_AGGRESSIVE;
				CLANG_CXX_LANGUAGE_STANDARD = "gnu++20";
				CLANG_ENABLE_MODULES = YES;
				CLANG_ENABLE_OBJC_ARC = YES;
				CLANG_ENABLE_OBJC_WEAK = YES;
				CLANG_WARN_BLOCK_CAPTURE_AUTORELEASING = YES;
				CLANG_WARN_BOOL_CONVERSION = YES;
				CLANG_WARN_COMMA = YES;
				CLANG_WARN_CONSTANT_CONVERSION = YES;
				CLANG_WARN_DEPRECATED_OBJC_IMPLEMENTATIONS = YES;
				CLANG_WARN_DIRECT_OBJC_ISA_USAGE = YES_ERROR;
				CLANG_WARN_DOCUMENTATION_COMMENTS = YES;
				CLANG_WARN_EMPTY_BODY = YES;
				CLANG_WARN_ENUM_CONVERSION = YES;
				CLANG_WARN_INFINITE_RECURSION = YES;
				CLANG_WARN_INT_CONVERSION = YES;
				CLANG_WARN_NON_LITERAL_NULL_CONVERSION = YES;
				CLANG_WARN_OBJC_IMPLICIT_RETAIN_SELF = YES;
				CLANG_WARN_OBJC_LITERAL_CONVERSION = YES;
				CLANG_WARN_OBJC_ROOT_CLASS = YES_ERROR;
				CLANG_WARN_QUOTED_INCLUDE_IN_FRAMEWORK_HEADER = YES;
				CLANG_WARN_RANGE_LOOP_ANALYSIS = YES;
				CLANG_WARN_STRICT_PROTOTYPES = YES;
				CLANG_WARN_SUSPICIOUS_MOVE = YES;
				CLANG_WARN_UNGUARDED_AVAILABILITY = YES_AGGRESSIVE;
				CLANG_WARN_UNREACHABLE_CODE = YES;
				CLANG_WARN__DUPLICATE_METHOD_MATCH = YES;
				COPY_PHASE_STRIP = NO;
				DEBUG_INFORMATION_FORMAT = dwarf;
				ENABLE_STRICT_OBJC_MSGSEND = YES;
				ENABLE_TESTABILITY = YES;
				ENABLE_USER_SCRIPT_SANDBOXING = YES;
				GCC_C_LANGUAGE_STANDARD = gnu17;
				GCC_DYNAMIC_NO_PIC = NO;
				GCC_NO_COMMON_BLOCKS = YES;
				GCC_OPTIMIZATION_LEVEL = 0;
				GCC_PREPROCESSOR_DEFINITIONS = (
					"DEBUG=1",
					"$(inherited)",
				);
				GCC_WARN_64_TO_32_BIT_CONVERSION = YES;
				GCC_WARN_ABOUT_RETURN_TYPE = YES_ERROR;
				GCC_WARN_UNDECLARED_SELECTOR = YES;
				GCC_WARN_UNINITIALIZED_AUTOS = YES_AGGRESSIVE;
				GCC_WARN_UNUSED_FUNCTION = YES;
				GCC_WARN_UNUSED_VARIABLE = YES;
				LOCALIZATION_PREFERS_STRING_CATALOGS = YES;
				MACOSX_DEPLOYMENT_TARGET = 15.2;
				MTL_ENABLE_DEBUG_INFO = INCLUDE_SOURCE;
				MTL_FAST_MATH = YES;
				ONLY_ACTIVE_ARCH = YES;
				SDKROOT = macosx;
				SWIFT_ACTIVE_COMPILATION_CONDITIONS = "DEBUG $(inherited)";
				SWIFT_OPTIMIZATION_LEVEL = "-Onone";
			};
			name = Debug;
		};
		AFA2C43F2D56D2B0006A1B65 /* Release */ = {
			isa = XCBuildConfiguration;
			buildSettings = {
				ALWAYS_SEARCH_USER_PATHS = NO;
				ASSETCATALOG_COMPILER_GENERATE_SWIFT_ASSET_SYMBOL_EXTENSIONS = YES;
				CLANG_ANALYZER_NONNULL = YES;
				CLANG_ANALYZER_NUMBER_OBJECT_CONVERSION = YES_AGGRESSIVE;
				CLANG_CXX_LANGUAGE_STANDARD = "gnu++20";
				CLANG_ENABLE_MODULES = YES;
				CLANG_ENABLE_OBJC_ARC = YES;
				CLANG_ENABLE_OBJC_WEAK = YES;
				CLANG_WARN_BLOCK_CAPTURE_AUTORELEASING = YES;
				CLANG_WARN_BOOL_CONVERSION = YES;
				CLANG_WARN_COMMA = YES;
				CLANG_WARN_CONSTANT_CONVERSION = YES;
				CLANG_WARN_DEPRECATED_OBJC_IMPLEMENTATIONS = YES;
				CLANG_WARN_DIRECT_OBJC_ISA_USAGE = YES_ERROR;
				CLANG_WARN_DOCUMENTATION_COMMENTS = YES;
				CLANG_WARN_EMPTY_BODY = YES;
				CLANG_WARN_ENUM_CONVERSION = YES;
				CLANG_WARN_INFINITE_RECURSION = YES;
				CLANG_WARN_INT_CONVERSION = YES;
				CLANG_WARN_NON_LITERAL_NULL_CONVERSION = YES;
				CLANG_WARN_OBJC_IMPLICIT_RETAIN_SELF = YES;
				CLANG_WARN_OBJC_LITERAL_CONVERSION = YES;
				CLANG_WARN_OBJC_ROOT_CLASS = YES_ERROR;
				CLANG_WARN_QUOTED_INCLUDE_IN_FRAMEWORK_HEADER = YES;
				CLANG_WARN_RANGE_LOOP_ANALYSIS = YES;
				CLANG_WARN_STRICT_PROTOTYPES = YES;
				CLANG_WARN_SUSPICIOUS_MOVE = YES;
				CLANG_WARN_UNGUARDED_AVAILABILITY = YES_AGGRESSIVE;
				CLANG_WARN_UNREACHABLE_CODE = YES;
				CLANG_WARN__DUPLICATE_METHOD_MATCH = YES;
				COPY_PHASE_STRIP = NO;
				DEBUG_INFORMATION_FORMAT = "dwarf-with-dsym";
				ENABLE_NS_ASSERTIONS = NO;
				ENABLE_STRICT_OBJC_MSGSEND = YES;
				ENABLE_USER_SCRIPT_SANDBOXING = YES;
				GCC_C_LANGUAGE_STANDARD = gnu17;
				GCC_NO_COMMON_BLOCKS = YES;
				GCC_WARN_64_TO_32_BIT_CONVERSION = YES;
				GCC_WARN_ABOUT_RETURN_TYPE = YES_ERROR;
				GCC_WARN_UNDECLARED_SELECTOR = YES;
				GCC_WARN_UNINITIALIZED_AUTOS = YES_AGGRESSIVE;
				GCC_WARN_UNUSED_FUNCTION = YES;
				GCC_WARN_UNUSED_VARIABLE = YES;
				LOCALIZATION_PREFERS_STRING_CATALOGS = YES;
				MACOSX_DEPLOYMENT_TARGET = 15.2;
				MTL_ENABLE_DEBUG_INFO = NO;
				MTL_FAST_MATH = YES;
				SDKROOT = macosx;
				SWIFT_COMPILATION_MODE = wholemodule;
			};
			name = Release;
		};
		AFA2C4412D56D2B0006A1B65 /* Debug */ = {
			isa = XCBuildConfiguration;
			buildSettings = {
				ASSETCATALOG_COMPILER_APPICON_NAME = AppIcon;
				ASSETCATALOG_COMPILER_GLOBAL_ACCENT_COLOR_NAME = AccentColor;
				CODE_SIGN_ENTITLEMENTS = iStatus/iStatus.entitlements;
				CODE_SIGN_STYLE = Automatic;
				COMBINE_HIDPI_IMAGES = YES;
				CURRENT_PROJECT_VERSION = 1;
				DEVELOPMENT_ASSET_PATHS = "\"iStatus/Preview Content\"";
				DEVELOPMENT_TEAM = CQBH2V7M54;
				ENABLE_PREVIEWS = YES;
				GENERATE_INFOPLIST_FILE = YES;
				INFOPLIST_KEY_CFBundleDisplayName = iStatus;
				INFOPLIST_KEY_LSApplicationCategoryType = "public.app-category.utilities";
				INFOPLIST_KEY_NSHumanReadableCopyright = "";
				LD_RUNPATH_SEARCH_PATHS = (
					"$(inherited)",
					"@executable_path/../Frameworks",
				);
				MACOSX_DEPLOYMENT_TARGET = 14.0;
				MARKETING_VERSION = 1.0;
				PRODUCT_BUNDLE_IDENTIFIER = tech.gariktalksabout.iStatus;
				PRODUCT_NAME = "$(TARGET_NAME)";
				SWIFT_EMIT_LOC_STRINGS = YES;
				SWIFT_VERSION = 5.0;
			};
			name = Debug;
		};
		AFA2C4422D56D2B0006A1B65 /* Release */ = {
			isa = XCBuildConfiguration;
			buildSettings = {
				ASSETCATALOG_COMPILER_APPICON_NAME = AppIcon;
				ASSETCATALOG_COMPILER_GLOBAL_ACCENT_COLOR_NAME = AccentColor;
				CODE_SIGN_ENTITLEMENTS = iStatus/iStatus.entitlements;
				CODE_SIGN_STYLE = Automatic;
				COMBINE_HIDPI_IMAGES = YES;
				CURRENT_PROJECT_VERSION = 1;
				DEVELOPMENT_ASSET_PATHS = "\"iStatus/Preview Content\"";
				DEVELOPMENT_TEAM = CQBH2V7M54;
				ENABLE_PREVIEWS = YES;
				GENERATE_INFOPLIST_FILE = YES;
				INFOPLIST_KEY_CFBundleDisplayName = iStatus;
				INFOPLIST_KEY_LSApplicationCategoryType = "public.app-category.utilities";
				INFOPLIST_KEY_NSHumanReadableCopyright = "";
				LD_RUNPATH_SEARCH_PATHS = (
					"$(inherited)",
					"@executable_path/../Frameworks",
				);
				MACOSX_DEPLOYMENT_TARGET = 14.0;
				MARKETING_VERSION = 1.0;
				PRODUCT_BUNDLE_IDENTIFIER = tech.gariktalksabout.iStatus;
				PRODUCT_NAME = "$(TARGET_NAME)";
				SWIFT_EMIT_LOC_STRINGS = YES;
				SWIFT_VERSION = 5.0;
			};
			name = Release;
		};
		AFA2C4442D56D2B0006A1B65 /* Debug */ = {
			isa = XCBuildConfiguration;
			buildSettings = {
				BUNDLE_LOADER = "$(TEST_HOST)";
				CODE_SIGN_STYLE = Automatic;
				CURRENT_PROJECT_VERSION = 1;
				GENERATE_INFOPLIST_FILE = YES;
				MACOSX_DEPLOYMENT_TARGET = 14.0;
				MARKETING_VERSION = 1.0;
				PRODUCT_BUNDLE_IDENTIFIER = tech.gariktalksabout.iStatusTests;
				PRODUCT_NAME = "$(TARGET_NAME)";
				SWIFT_EMIT_LOC_STRINGS = NO;
				SWIFT_VERSION = 5.0;
				TEST_HOST = "$(BUILT_PRODUCTS_DIR)/iStatus.app/$(BUNDLE_EXECUTABLE_FOLDER_PATH)/iStatus";
			};
			name = Debug;
		};
		AFA2C4452D56D2B0006A1B65 /* Release */ = {
			isa = XCBuildConfiguration;
			buildSettings = {
				BUNDLE_LOADER = "$(TEST_HOST)";
				CODE_SIGN_STYLE = Automatic;
				CURRENT_PROJECT_VERSION = 1;
				GENERATE_INFOPLIST_FILE = YES;
				MACOSX_DEPLOYMENT_TARGET = 14.0;
				MARKETING_VERSION = 1.0;
				PRODUCT_BUNDLE_IDENTIFIER = tech.gariktalksabout.iStatusTests;
				PRODUCT_NAME = "$(TARGET_NAME)";
				SWIFT_EMIT_LOC_STRINGS = NO;
				SWIFT_VERSION = 5.0;
				TEST_HOST = "$(BUILT_PRODUCTS_DIR)/iStatus.app/$(BUNDLE_EXECUTABLE_FOLDER_PATH)/iStatus";
			};
			name = Release;
		};
		AFA2C4472D56D2B0006A1B65 /* Debug */ = {
			isa = XCBuildConfiguration;
			buildSettings = {
				CODE_SIGN_STYLE = Automatic;
				CURRENT_PROJECT_VERSION = 1;
				GENERATE_INFOPLIST_FILE = YES;
				MACOSX_DEPLOYMENT_TARGET = 14.0;
				MARKETING_VERSION = 1.0;
				PRODUCT_BUNDLE_IDENTIFIER = tech.gariktalksabout.iStatusUITests;
				PRODUCT_NAME = "$(TARGET_NAME)";
				SWIFT_EMIT_LOC_STRINGS = NO;
				SWIFT_VERSION = 5.0;
				TEST_TARGET_NAME = iStatus;
			};
			name = Debug;
		};
		AFA2C4482D56D2B0006A1B65 /* Release */ = {
			isa = XCBuildConfiguration;
			buildSettings = {
				CODE_SIGN_STYLE = Automatic;
				CURRENT_PROJECT_VERSION = 1;
				GENERATE_INFOPLIST_FILE = YES;
				MACOSX_DEPLOYMENT_TARGET = 14.0;
				MARKETING_VERSION = 1.0;
				PRODUCT_BUNDLE_IDENTIFIER = tech.gariktalksabout.iStatusUITests;
				PRODUCT_NAME = "$(TARGET_NAME)";
				SWIFT_EMIT_LOC_STRINGS = NO;
				SWIFT_VERSION = 5.0;
				TEST_TARGET_NAME = iStatus;
			};
			name = Release;
		};
/* End XCBuildConfiguration section */

/* Begin XCConfigurationList section */
		AFA2C4162D56D2AF006A1B65 /* Build configuration list for PBXProject "iStatus" */ = {
			isa = XCConfigurationList;
			buildConfigurations = (
				AFA2C43E2D56D2B0006A1B65 /* Debug */,
				AFA2C43F2D56D2B0006A1B65 /* Release */,
			);
			defaultConfigurationIsVisible = 0;
			defaultConfigurationName = Release;
		};
		AFA2C4402D56D2B0006A1B65 /* Build configuration list for PBXNativeTarget "iStatus" */ = {
			isa = XCConfigurationList;
			buildConfigurations = (
				AFA2C4412D56D2B0006A1B65 /* Debug */,
				AFA2C4422D56D2B0006A1B65 /* Release */,
			);
			defaultConfigurationIsVisible = 0;
			defaultConfigurationName = Release;
		};
		AFA2C4432D56D2B0006A1B65 /* Build configuration list for PBXNativeTarget "iStatusTests" */ = {
			isa = XCConfigurationList;
			buildConfigurations = (
				AFA2C4442D56D2B0006A1B65 /* Debug */,
				AFA2C4452D56D2B0006A1B65 /* Release */,
			);
			defaultConfigurationIsVisible = 0;
			defaultConfigurationName = Release;
		};
		AFA2C4462D56D2B0006A1B65 /* Build configuration list for PBXNativeTarget "iStatusUITests" */ = {
			isa = XCConfigurationList;
			buildConfigurations = (
				AFA2C4472D56D2B0006A1B65 /* Debug */,
				AFA2C4482D56D2B0006A1B65 /* Release */,
			);
			defaultConfigurationIsVisible = 0;
			defaultConfigurationName = Release;
		};
/* End XCConfigurationList section */
	};
	rootObject = AFA2C4132D56D2AF006A1B65 /* Project object */;
}
